
Microsoft Visual Studio Solution File, Format Version 12.00
# Visual Studio Version 17
VisualStudioVersion = 17.2.32505.173
MinimumVisualStudioVersion = 10.0.40219.1
Project("{FAE04EC0-301F-11D3-BF4B-00C04F79EFBC}") = "NahangApi", "..\NahangApi\NahangApi.csproj", "{1C77ED8F-1B10-4A61-A3C3-183F95E8C778}"
EndProject
Global
	GlobalSection(SolutionConfigurationPlatforms) = preSolution
		Debug|Any CPU = Debug|Any CPU
		Release|Any CPU = Release|Any CPU
	EndGlobalSection
	GlobalSection(ProjectConfigurationPlatforms) = postSolution
		{1C77ED8F-1B10-4A61-A3C3-183F95E8C778}.Debug|Any CPU.ActiveCfg = Debug|Any CPU
		{1C77ED8F-1B10-4A61-A3C3-183F95E8C778}.Debug|Any CPU.Build.0 = Debug|Any CPU
		{1C77ED8F-1B10-4A61-A3C3-183F95E8C778}.Release|Any CPU.ActiveCfg = Release|Any CPU
		{1C77ED8F-1B10-4A61-A3C3-183F95E8C778}.Release|Any CPU.Build.0 = Release|Any CPU
	EndGlobalSection
	GlobalSection(SolutionProperties) = preSolution
		HideSolutionNode = FALSE
	EndGlobalSection
	GlobalSection(ExtensibilityGlobals) = postSolution
		SolutionGuid = {CA014706-8A78-43F2-84E2-9EA6C7C2276F}
	EndGlobalSection
EndGlobal
